
Microsoft Visual Studio Solution File, Format Version 11.00
# Visual Studio 2010
Project("{FAE04EC0-301F-11D3-BF4B-00C04F79EFBC}") = "Zero.Specs", "Zero.Specs\Zero.Specs.csproj", "{DD4F7E49-75C7-404A-8224-8449D741D289}"
EndProject
Project("{FAE04EC0-301F-11D3-BF4B-00C04F79EFBC}") = "Zero.Specs.Tests", "Zero.Specs.Tests\Zero.Specs.Tests.csproj", "{C1B957E2-413D-4E47-87FB-BEF7AE2178A8}"
EndProject
Global
	GlobalSection(SolutionConfigurationPlatforms) = preSolution
		Debug|Any CPU = Debug|Any CPU
		Release|Any CPU = Release|Any CPU
	EndGlobalSection
	GlobalSection(ProjectConfigurationPlatforms) = postSolution
		{DD4F7E49-75C7-404A-8224-8449D741D289}.Debug|Any CPU.ActiveCfg = Debug|Any CPU
		{DD4F7E49-75C7-404A-8224-8449D741D289}.Debug|Any CPU.Build.0 = Debug|Any CPU
		{DD4F7E49-75C7-404A-8224-8449D741D289}.Release|Any CPU.ActiveCfg = Release|Any CPU
		{DD4F7E49-75C7-404A-8224-8449D741D289}.Release|Any CPU.Build.0 = Release|Any CPU
		{C1B957E2-413D-4E47-87FB-BEF7AE2178A8}.Debug|Any CPU.ActiveCfg = Debug|Any CPU
		{C1B957E2-413D-4E47-87FB-BEF7AE2178A8}.Debug|Any CPU.Build.0 = Debug|Any CPU
		{C1B957E2-413D-4E47-87FB-BEF7AE2178A8}.Release|Any CPU.ActiveCfg = Release|Any CPU
		{C1B957E2-413D-4E47-87FB-BEF7AE2178A8}.Release|Any CPU.Build.0 = Release|Any CPU
	EndGlobalSection
	GlobalSection(SolutionProperties) = preSolution
		HideSolutionNode = FALSE
	EndGlobalSection
EndGlobal
